// !$*UTF8*$!
{
	archiveVersion = 1;
	classes = {
	};
	objectVersion = 46;
	objects = {

/* Begin PBXBuildFile section */
		5FE478C6A779493180B55FB2 /* libPods.a in Frameworks */ = {isa = PBXBuildFile; fileRef = 07AF818AA1F94504B30C9EB6 /* libPods.a */; };
		7E6EFF79174E10B800833991 /* 42base.sqlite in Resources */ = {isa = PBXBuildFile; fileRef = 7E6EFF78174E10B800833991 /* 42base.sqlite */; };
		7E6EFF7C174E1A1800833991 /* CCMe.m in Sources */ = {isa = PBXBuildFile; fileRef = 7E6EFF7B174E1A1700833991 /* CCMe.m */; };
		7E6EFF7F174E214E00833991 /* CCMainPage.m in Sources */ = {isa = PBXBuildFile; fileRef = 7E6EFF7E174E214E00833991 /* CCMainPage.m */; };
		7E6EFF81174E26CE00833991 /* me@2x.png in Resources */ = {isa = PBXBuildFile; fileRef = 7E6EFF80174E26CE00833991 /* me@2x.png */; };
		7EA8483C174DE461006FDB7B /* UIKit.framework in Frameworks */ = {isa = PBXBuildFile; fileRef = 7EA8483B174DE461006FDB7B /* UIKit.framework */; };
		7EA8483E174DE461006FDB7B /* Foundation.framework in Frameworks */ = {isa = PBXBuildFile; fileRef = 7EA8483D174DE461006FDB7B /* Foundation.framework */; };
		7EA84840174DE461006FDB7B /* CoreGraphics.framework in Frameworks */ = {isa = PBXBuildFile; fileRef = 7EA8483F174DE461006FDB7B /* CoreGraphics.framework */; };
		7EA84846174DE461006FDB7B /* InfoPlist.strings in Resources */ = {isa = PBXBuildFile; fileRef = 7EA84844174DE461006FDB7B /* InfoPlist.strings */; };
		7EA84848174DE461006FDB7B /* main.m in Sources */ = {isa = PBXBuildFile; fileRef = 7EA84847174DE461006FDB7B /* main.m */; };
		7EA8484C174DE461006FDB7B /* CCAppDelegate.m in Sources */ = {isa = PBXBuildFile; fileRef = 7EA8484B174DE461006FDB7B /* CCAppDelegate.m */; };
		7EA8484E174DE461006FDB7B /* Default.png in Resources */ = {isa = PBXBuildFile; fileRef = 7EA8484D174DE461006FDB7B /* Default.png */; };
		7EA84850174DE461006FDB7B /* Default@2x.png in Resources */ = {isa = PBXBuildFile; fileRef = 7EA8484F174DE461006FDB7B /* Default@2x.png */; };
		7EA84852174DE461006FDB7B /* Default-568h@2x.png in Resources */ = {isa = PBXBuildFile; fileRef = 7EA84851174DE461006FDB7B /* Default-568h@2x.png */; };
		7EA8485A174DE461006FDB7B /* SenTestingKit.framework in Frameworks */ = {isa = PBXBuildFile; fileRef = 7EA84859174DE461006FDB7B /* SenTestingKit.framework */; };
		7EA8485B174DE461006FDB7B /* UIKit.framework in Frameworks */ = {isa = PBXBuildFile; fileRef = 7EA8483B174DE461006FDB7B /* UIKit.framework */; };
		7EA8485C174DE461006FDB7B /* Foundation.framework in Frameworks */ = {isa = PBXBuildFile; fileRef = 7EA8483D174DE461006FDB7B /* Foundation.framework */; };
		7EA84864174DE461006FDB7B /* InfoPlist.strings in Resources */ = {isa = PBXBuildFile; fileRef = 7EA84862174DE461006FDB7B /* InfoPlist.strings */; };
		7EA84867174DE461006FDB7B /* _2CCAppTests.m in Sources */ = {isa = PBXBuildFile; fileRef = 7EA84866174DE461006FDB7B /* _2CCAppTests.m */; };
		7EA84872174DE535006FDB7B /* CCMainPageTest.m in Sources */ = {isa = PBXBuildFile; fileRef = 7EA84871174DE535006FDB7B /* CCMainPageTest.m */; };
/* End PBXBuildFile section */

/* Begin PBXContainerItemProxy section */
		7EA8485D174DE461006FDB7B /* PBXContainerItemProxy */ = {
			isa = PBXContainerItemProxy;
			containerPortal = 7EA84830174DE461006FDB7B /* Project object */;
			proxyType = 1;
			remoteGlobalIDString = 7EA84837174DE461006FDB7B;
			remoteInfo = 42CCApp;
		};
/* End PBXContainerItemProxy section */

/* Begin PBXFileReference section */
		07AF818AA1F94504B30C9EB6 /* libPods.a */ = {isa = PBXFileReference; explicitFileType = archive.ar; includeInIndex = 0; path = libPods.a; sourceTree = BUILT_PRODUCTS_DIR; };
		7E6EFF78174E10B800833991 /* 42base.sqlite */ = {isa = PBXFileReference; lastKnownFileType = file; path = 42base.sqlite; sourceTree = "<group>"; };
		7E6EFF7A174E1A1700833991 /* CCMe.h */ = {isa = PBXFileReference; fileEncoding = 4; lastKnownFileType = sourcecode.c.h; path = CCMe.h; sourceTree = "<group>"; };
		7E6EFF7B174E1A1700833991 /* CCMe.m */ = {isa = PBXFileReference; fileEncoding = 4; lastKnownFileType = sourcecode.c.objc; path = CCMe.m; sourceTree = "<group>"; };
		7E6EFF7D174E214E00833991 /* CCMainPage.h */ = {isa = PBXFileReference; fileEncoding = 4; lastKnownFileType = sourcecode.c.h; path = CCMainPage.h; sourceTree = "<group>"; };
		7E6EFF7E174E214E00833991 /* CCMainPage.m */ = {isa = PBXFileReference; fileEncoding = 4; lastKnownFileType = sourcecode.c.objc; path = CCMainPage.m; sourceTree = "<group>"; };
		7E6EFF80174E26CE00833991 /* me@2x.png */ = {isa = PBXFileReference; lastKnownFileType = image.png; path = "me@2x.png"; sourceTree = "<group>"; };
		7EA84838174DE461006FDB7B /* 42CCApp.app */ = {isa = PBXFileReference; explicitFileType = wrapper.application; includeInIndex = 0; path = 42CCApp.app; sourceTree = BUILT_PRODUCTS_DIR; };
		7EA8483B174DE461006FDB7B /* UIKit.framework */ = {isa = PBXFileReference; lastKnownFileType = wrapper.framework; name = UIKit.framework; path = System/Library/Frameworks/UIKit.framework; sourceTree = SDKROOT; };
		7EA8483D174DE461006FDB7B /* Foundation.framework */ = {isa = PBXFileReference; lastKnownFileType = wrapper.framework; name = Foundation.framework; path = System/Library/Frameworks/Foundation.framework; sourceTree = SDKROOT; };
		7EA8483F174DE461006FDB7B /* CoreGraphics.framework */ = {isa = PBXFileReference; lastKnownFileType = wrapper.framework; name = CoreGraphics.framework; path = System/Library/Frameworks/CoreGraphics.framework; sourceTree = SDKROOT; };
		7EA84843174DE461006FDB7B /* 42CCApp-Info.plist */ = {isa = PBXFileReference; lastKnownFileType = text.plist.xml; path = "42CCApp-Info.plist"; sourceTree = "<group>"; };
		7EA84845174DE461006FDB7B /* en */ = {isa = PBXFileReference; lastKnownFileType = text.plist.strings; name = en; path = en.lproj/InfoPlist.strings; sourceTree = "<group>"; };
		7EA84847174DE461006FDB7B /* main.m */ = {isa = PBXFileReference; lastKnownFileType = sourcecode.c.objc; path = main.m; sourceTree = "<group>"; };
		7EA84849174DE461006FDB7B /* 42CCApp-Prefix.pch */ = {isa = PBXFileReference; lastKnownFileType = sourcecode.c.h; path = "42CCApp-Prefix.pch"; sourceTree = "<group>"; };
		7EA8484A174DE461006FDB7B /* CCAppDelegate.h */ = {isa = PBXFileReference; lastKnownFileType = sourcecode.c.h; path = CCAppDelegate.h; sourceTree = "<group>"; };
		7EA8484B174DE461006FDB7B /* CCAppDelegate.m */ = {isa = PBXFileReference; lastKnownFileType = sourcecode.c.objc; path = CCAppDelegate.m; sourceTree = "<group>"; };
		7EA8484D174DE461006FDB7B /* Default.png */ = {isa = PBXFileReference; lastKnownFileType = image.png; path = Default.png; sourceTree = "<group>"; };
		7EA8484F174DE461006FDB7B /* Default@2x.png */ = {isa = PBXFileReference; lastKnownFileType = image.png; path = "Default@2x.png"; sourceTree = "<group>"; };
		7EA84851174DE461006FDB7B /* Default-568h@2x.png */ = {isa = PBXFileReference; lastKnownFileType = image.png; path = "Default-568h@2x.png"; sourceTree = "<group>"; };
		7EA84858174DE461006FDB7B /* 42CCAppTests.octest */ = {isa = PBXFileReference; explicitFileType = wrapper.cfbundle; includeInIndex = 0; path = 42CCAppTests.octest; sourceTree = BUILT_PRODUCTS_DIR; };
		7EA84859174DE461006FDB7B /* SenTestingKit.framework */ = {isa = PBXFileReference; lastKnownFileType = wrapper.framework; name = SenTestingKit.framework; path = Library/Frameworks/SenTestingKit.framework; sourceTree = DEVELOPER_DIR; };
		7EA84861174DE461006FDB7B /* 42CCAppTests-Info.plist */ = {isa = PBXFileReference; lastKnownFileType = text.plist.xml; path = "42CCAppTests-Info.plist"; sourceTree = "<group>"; };
		7EA84863174DE461006FDB7B /* en */ = {isa = PBXFileReference; lastKnownFileType = text.plist.strings; name = en; path = en.lproj/InfoPlist.strings; sourceTree = "<group>"; };
		7EA84865174DE461006FDB7B /* _2CCAppTests.h */ = {isa = PBXFileReference; lastKnownFileType = sourcecode.c.h; path = _2CCAppTests.h; sourceTree = "<group>"; };
		7EA84866174DE461006FDB7B /* _2CCAppTests.m */ = {isa = PBXFileReference; lastKnownFileType = sourcecode.c.objc; path = _2CCAppTests.m; sourceTree = "<group>"; };
		7EA84871174DE535006FDB7B /* CCMainPageTest.m */ = {isa = PBXFileReference; fileEncoding = 4; lastKnownFileType = sourcecode.c.objc; path = CCMainPageTest.m; sourceTree = "<group>"; };
		E6CC1F3801A5482084592D44 /* Pods.xcconfig */ = {isa = PBXFileReference; includeInIndex = 1; lastKnownFileType = text.xcconfig; name = Pods.xcconfig; path = Pods/Pods.xcconfig; sourceTree = SOURCE_ROOT; };
/* End PBXFileReference section */

/* Begin PBXFrameworksBuildPhase section */
		7EA84835174DE461006FDB7B /* Frameworks */ = {
			isa = PBXFrameworksBuildPhase;
			buildActionMask = 2147483647;
			files = (
				7EA8483C174DE461006FDB7B /* UIKit.framework in Frameworks */,
				7EA8483E174DE461006FDB7B /* Foundation.framework in Frameworks */,
				7EA84840174DE461006FDB7B /* CoreGraphics.framework in Frameworks */,
				5FE478C6A779493180B55FB2 /* libPods.a in Frameworks */,
			);
			runOnlyForDeploymentPostprocessing = 0;
		};
		7EA84854174DE461006FDB7B /* Frameworks */ = {
			isa = PBXFrameworksBuildPhase;
			buildActionMask = 2147483647;
			files = (
				7EA8485A174DE461006FDB7B /* SenTestingKit.framework in Frameworks */,
				7EA8485B174DE461006FDB7B /* UIKit.framework in Frameworks */,
				7EA8485C174DE461006FDB7B /* Foundation.framework in Frameworks */,
			);
			runOnlyForDeploymentPostprocessing = 0;
		};
/* End PBXFrameworksBuildPhase section */

/* Begin PBXGroup section */
		7EA8482F174DE461006FDB7B = {
			isa = PBXGroup;
			children = (
				7EA84841174DE461006FDB7B /* 42CCApp */,
				7EA8485F174DE461006FDB7B /* 42CCAppTests */,
				7EA8483A174DE461006FDB7B /* Frameworks */,
				7EA84839174DE461006FDB7B /* Products */,
				E6CC1F3801A5482084592D44 /* Pods.xcconfig */,
			);
			sourceTree = "<group>";
		};
		7EA84839174DE461006FDB7B /* Products */ = {
			isa = PBXGroup;
			children = (
				7EA84838174DE461006FDB7B /* 42CCApp.app */,
				7EA84858174DE461006FDB7B /* 42CCAppTests.octest */,
			);
			name = Products;
			sourceTree = "<group>";
		};
		7EA8483A174DE461006FDB7B /* Frameworks */ = {
			isa = PBXGroup;
			children = (
				7EA8483B174DE461006FDB7B /* UIKit.framework */,
				7EA8483D174DE461006FDB7B /* Foundation.framework */,
				7EA8483F174DE461006FDB7B /* CoreGraphics.framework */,
				7EA84859174DE461006FDB7B /* SenTestingKit.framework */,
				07AF818AA1F94504B30C9EB6 /* libPods.a */,
			);
			name = Frameworks;
			sourceTree = "<group>";
		};
		7EA84841174DE461006FDB7B /* 42CCApp */ = {
			isa = PBXGroup;
			children = (
				7EA8484A174DE461006FDB7B /* CCAppDelegate.h */,
				7EA8484B174DE461006FDB7B /* CCAppDelegate.m */,
				7E6EFF7A174E1A1700833991 /* CCMe.h */,
				7E6EFF7B174E1A1700833991 /* CCMe.m */,
				7E6EFF7D174E214E00833991 /* CCMainPage.h */,
				7E6EFF7E174E214E00833991 /* CCMainPage.m */,
				7EA84842174DE461006FDB7B /* Supporting Files */,
			);
			path = 42CCApp;
			sourceTree = "<group>";
		};
		7EA84842174DE461006FDB7B /* Supporting Files */ = {
			isa = PBXGroup;
			children = (
				7E6EFF80174E26CE00833991 /* me@2x.png */,
				7E6EFF78174E10B800833991 /* 42base.sqlite */,
				7EA84843174DE461006FDB7B /* 42CCApp-Info.plist */,
				7EA84844174DE461006FDB7B /* InfoPlist.strings */,
				7EA84847174DE461006FDB7B /* main.m */,
				7EA84849174DE461006FDB7B /* 42CCApp-Prefix.pch */,
				7EA8484D174DE461006FDB7B /* Default.png */,
				7EA8484F174DE461006FDB7B /* Default@2x.png */,
				7EA84851174DE461006FDB7B /* Default-568h@2x.png */,
			);
			name = "Supporting Files";
			sourceTree = "<group>";
		};
		7EA8485F174DE461006FDB7B /* 42CCAppTests */ = {
			isa = PBXGroup;
			children = (
				7EA84865174DE461006FDB7B /* _2CCAppTests.h */,
				7EA84866174DE461006FDB7B /* _2CCAppTests.m */,
				7EA84871174DE535006FDB7B /* CCMainPageTest.m */,
				7EA84860174DE461006FDB7B /* Supporting Files */,
			);
			path = 42CCAppTests;
			sourceTree = "<group>";
		};
		7EA84860174DE461006FDB7B /* Supporting Files */ = {
			isa = PBXGroup;
			children = (
				7EA84861174DE461006FDB7B /* 42CCAppTests-Info.plist */,
				7EA84862174DE461006FDB7B /* InfoPlist.strings */,
			);
			name = "Supporting Files";
			sourceTree = "<group>";
		};
/* End PBXGroup section */

/* Begin PBXNativeTarget section */
		7EA84837174DE461006FDB7B /* 42CCApp */ = {
			isa = PBXNativeTarget;
			buildConfigurationList = 7EA8486A174DE461006FDB7B /* Build configuration list for PBXNativeTarget "42CCApp" */;
			buildPhases = (
				30EF99B0BA95448B94708FAA /* Check Pods Manifest.lock */,
				7EA84834174DE461006FDB7B /* Sources */,
				7EA84835174DE461006FDB7B /* Frameworks */,
				7EA84836174DE461006FDB7B /* Resources */,
				AE0CEC7F19F6426F92F8ACAF /* Copy Pods Resources */,
			);
			buildRules = (
			);
			dependencies = (
			);
			name = 42CCApp;
			productName = 42CCApp;
			productReference = 7EA84838174DE461006FDB7B /* 42CCApp.app */;
			productType = "com.apple.product-type.application";
		};
		7EA84857174DE461006FDB7B /* 42CCAppTests */ = {
			isa = PBXNativeTarget;
			buildConfigurationList = 7EA8486D174DE461006FDB7B /* Build configuration list for PBXNativeTarget "42CCAppTests" */;
			buildPhases = (
				7EA84853174DE461006FDB7B /* Sources */,
				7EA84854174DE461006FDB7B /* Frameworks */,
				7EA84855174DE461006FDB7B /* Resources */,
				7EA84856174DE461006FDB7B /* ShellScript */,
			);
			buildRules = (
			);
			dependencies = (
				7EA8485E174DE461006FDB7B /* PBXTargetDependency */,
			);
			name = 42CCAppTests;
			productName = 42CCAppTests;
			productReference = 7EA84858174DE461006FDB7B /* 42CCAppTests.octest */;
			productType = "com.apple.product-type.bundle";
		};
/* End PBXNativeTarget section */

/* Begin PBXProject section */
		7EA84830174DE461006FDB7B /* Project object */ = {
			isa = PBXProject;
			attributes = {
				CLASSPREFIX = CC;
				LastUpgradeCheck = 0460;
				ORGANIZATIONNAME = "Mykola Kamysh";
			};
			buildConfigurationList = 7EA84833174DE461006FDB7B /* Build configuration list for PBXProject "42CCApp" */;
			compatibilityVersion = "Xcode 3.2";
			developmentRegion = English;
			hasScannedForEncodings = 0;
			knownRegions = (
				en,
			);
			mainGroup = 7EA8482F174DE461006FDB7B;
			productRefGroup = 7EA84839174DE461006FDB7B /* Products */;
			projectDirPath = "";
			projectRoot = "";
			targets = (
				7EA84837174DE461006FDB7B /* 42CCApp */,
				7EA84857174DE461006FDB7B /* 42CCAppTests */,
			);
		};
/* End PBXProject section */

/* Begin PBXResourcesBuildPhase section */
		7EA84836174DE461006FDB7B /* Resources */ = {
			isa = PBXResourcesBuildPhase;
			buildActionMask = 2147483647;
			files = (
				7EA84846174DE461006FDB7B /* InfoPlist.strings in Resources */,
				7EA8484E174DE461006FDB7B /* Default.png in Resources */,
				7EA84850174DE461006FDB7B /* Default@2x.png in Resources */,
				7EA84852174DE461006FDB7B /* Default-568h@2x.png in Resources */,
				7E6EFF79174E10B800833991 /* 42base.sqlite in Resources */,
				7E6EFF81174E26CE00833991 /* me@2x.png in Resources */,
			);
			runOnlyForDeploymentPostprocessing = 0;
		};
		7EA84855174DE461006FDB7B /* Resources */ = {
			isa = PBXResourcesBuildPhase;
			buildActionMask = 2147483647;
			files = (
				7EA84864174DE461006FDB7B /* InfoPlist.strings in Resources */,
			);
			runOnlyForDeploymentPostprocessing = 0;
		};
/* End PBXResourcesBuildPhase section */

/* Begin PBXShellScriptBuildPhase section */
		30EF99B0BA95448B94708FAA /* Check Pods Manifest.lock */ = {
			isa = PBXShellScriptBuildPhase;
			buildActionMask = 2147483647;
			files = (
			);
			inputPaths = (
			);
			name = "Check Pods Manifest.lock";
			outputPaths = (
			);
			runOnlyForDeploymentPostprocessing = 0;
			shellPath = /bin/sh;
			shellScript = "diff \"${PODS_ROOT}/../Podfile.lock\" \"${PODS_ROOT}/Manifest.lock\" > /dev/null\nif [[ $? != 0 ]] ; then\n    cat << EOM\nerror: The sandbox is not in sync with the Podfile.lock. Run 'pod install' or update your CocoaPods installation.\nEOM\n    exit 1\nfi\n";
		};
		7EA84856174DE461006FDB7B /* ShellScript */ = {
			isa = PBXShellScriptBuildPhase;
			buildActionMask = 2147483647;
			files = (
			);
			inputPaths = (
			);
			outputPaths = (
			);
			runOnlyForDeploymentPostprocessing = 0;
			shellPath = /bin/sh;
			shellScript = "# Run the unit tests in this test bundle.\n\"${SYSTEM_DEVELOPER_DIR}/Tools/RunUnitTests\"\n";
		};
		AE0CEC7F19F6426F92F8ACAF /* Copy Pods Resources */ = {
			isa = PBXShellScriptBuildPhase;
			buildActionMask = 2147483647;
			files = (
			);
			inputPaths = (
			);
			name = "Copy Pods Resources";
			outputPaths = (
			);
			runOnlyForDeploymentPostprocessing = 0;
			shellPath = /bin/sh;
			shellScript = "\"${SRCROOT}/Pods/Pods-resources.sh\"\n";
		};
/* End PBXShellScriptBuildPhase section */

/* Begin PBXSourcesBuildPhase section */
		7EA84834174DE461006FDB7B /* Sources */ = {
			isa = PBXSourcesBuildPhase;
			buildActionMask = 2147483647;
			files = (
				7EA84848174DE461006FDB7B /* main.m in Sources */,
				7EA8484C174DE461006FDB7B /* CCAppDelegate.m in Sources */,
				7E6EFF7C174E1A1800833991 /* CCMe.m in Sources */,
				7E6EFF7F174E214E00833991 /* CCMainPage.m in Sources */,
			);
			runOnlyForDeploymentPostprocessing = 0;
		};
		7EA84853174DE461006FDB7B /* Sources */ = {
			isa = PBXSourcesBuildPhase;
			buildActionMask = 2147483647;
			files = (
				7EA84867174DE461006FDB7B /* _2CCAppTests.m in Sources */,
				7EA84872174DE535006FDB7B /* CCMainPageTest.m in Sources */,
			);
			runOnlyForDeploymentPostprocessing = 0;
		};
/* End PBXSourcesBuildPhase section */

/* Begin PBXTargetDependency section */
		7EA8485E174DE461006FDB7B /* PBXTargetDependency */ = {
			isa = PBXTargetDependency;
			target = 7EA84837174DE461006FDB7B /* 42CCApp */;
			targetProxy = 7EA8485D174DE461006FDB7B /* PBXContainerItemProxy */;
		};
/* End PBXTargetDependency section */

/* Begin PBXVariantGroup section */
		7EA84844174DE461006FDB7B /* InfoPlist.strings */ = {
			isa = PBXVariantGroup;
			children = (
				7EA84845174DE461006FDB7B /* en */,
			);
			name = InfoPlist.strings;
			sourceTree = "<group>";
		};
		7EA84862174DE461006FDB7B /* InfoPlist.strings */ = {
			isa = PBXVariantGroup;
			children = (
				7EA84863174DE461006FDB7B /* en */,
			);
			name = InfoPlist.strings;
			sourceTree = "<group>";
		};
/* End PBXVariantGroup section */

/* Begin XCBuildConfiguration section */
		7EA84868174DE461006FDB7B /* Debug */ = {
			isa = XCBuildConfiguration;
			buildSettings = {
				ALWAYS_SEARCH_USER_PATHS = NO;
				CLANG_CXX_LANGUAGE_STANDARD = "gnu++0x";
				CLANG_CXX_LIBRARY = "libc++";
				CLANG_ENABLE_OBJC_ARC = YES;
				CLANG_WARN_CONSTANT_CONVERSION = YES;
				CLANG_WARN_EMPTY_BODY = YES;
				CLANG_WARN_ENUM_CONVERSION = YES;
				CLANG_WARN_INT_CONVERSION = YES;
				CLANG_WARN__DUPLICATE_METHOD_MATCH = YES;
				"CODE_SIGN_IDENTITY[sdk=iphoneos*]" = "iPhone Developer";
				COPY_PHASE_STRIP = NO;
				GCC_C_LANGUAGE_STANDARD = gnu99;
				GCC_DYNAMIC_NO_PIC = NO;
				GCC_OPTIMIZATION_LEVEL = 0;
				GCC_PREPROCESSOR_DEFINITIONS = (
					"DEBUG=1",
					"$(inherited)",
				);
				GCC_SYMBOLS_PRIVATE_EXTERN = NO;
				GCC_WARN_ABOUT_RETURN_TYPE = YES;
				GCC_WARN_UNINITIALIZED_AUTOS = YES;
				GCC_WARN_UNUSED_VARIABLE = YES;
				IPHONEOS_DEPLOYMENT_TARGET = 6.1;
				ONLY_ACTIVE_ARCH = YES;
				SDKROOT = iphoneos;
			};
			name = Debug;
		};
		7EA84869174DE461006FDB7B /* Release */ = {
			isa = XCBuildConfiguration;
			buildSettings = {
				ALWAYS_SEARCH_USER_PATHS = NO;
				CLANG_CXX_LANGUAGE_STANDARD = "gnu++0x";
				CLANG_CXX_LIBRARY = "libc++";
				CLANG_ENABLE_OBJC_ARC = YES;
				CLANG_WARN_CONSTANT_CONVERSION = YES;
				CLANG_WARN_EMPTY_BODY = YES;
				CLANG_WARN_ENUM_CONVERSION = YES;
				CLANG_WARN_INT_CONVERSION = YES;
				CLANG_WARN__DUPLICATE_METHOD_MATCH = YES;
				"CODE_SIGN_IDENTITY[sdk=iphoneos*]" = "iPhone Developer";
				COPY_PHASE_STRIP = YES;
				GCC_C_LANGUAGE_STANDARD = gnu99;
				GCC_WARN_ABOUT_RETURN_TYPE = YES;
				GCC_WARN_UNINITIALIZED_AUTOS = YES;
				GCC_WARN_UNUSED_VARIABLE = YES;
				IPHONEOS_DEPLOYMENT_TARGET = 6.1;
				OTHER_CFLAGS = "-DNS_BLOCK_ASSERTIONS=1";
				SDKROOT = iphoneos;
				VALIDATE_PRODUCT = YES;
			};
			name = Release;
		};
		7EA8486B174DE461006FDB7B /* Debug */ = {
			isa = XCBuildConfiguration;
			baseConfigurationReference = E6CC1F3801A5482084592D44 /* Pods.xcconfig */;
			buildSettings = {
				GCC_PRECOMPILE_PREFIX_HEADER = YES;
				GCC_PREFIX_HEADER = "42CCApp/42CCApp-Prefix.pch";
				INFOPLIST_FILE = "42CCApp/42CCApp-Info.plist";
				PRODUCT_NAME = "$(TARGET_NAME)";
				WRAPPER_EXTENSION = app;
			};
			name = Debug;
		};
		7EA8486C174DE461006FDB7B /* Release */ = {
			isa = XCBuildConfiguration;
			baseConfigurationReference = E6CC1F3801A5482084592D44 /* Pods.xcconfig */;
			buildSettings = {
				GCC_PRECOMPILE_PREFIX_HEADER = YES;
				GCC_PREFIX_HEADER = "42CCApp/42CCApp-Prefix.pch";
				INFOPLIST_FILE = "42CCApp/42CCApp-Info.plist";
				PRODUCT_NAME = "$(TARGET_NAME)";
				WRAPPER_EXTENSION = app;
			};
			name = Release;
		};
		7EA8486E174DE461006FDB7B /* Debug */ = {
			isa = XCBuildConfiguration;
			baseConfigurationReference = E6CC1F3801A5482084592D44 /* Pods.xcconfig */;
			buildSettings = {
				BUNDLE_LOADER = "$(BUILT_PRODUCTS_DIR)/42CCApp.app/42CCApp";
				FRAMEWORK_SEARCH_PATHS = (
					"\"$(SDKROOT)/Developer/Library/Frameworks\"",
					"\"$(DEVELOPER_LIBRARY_DIR)/Frameworks\"",
				);
				GCC_PRECOMPILE_PREFIX_HEADER = YES;
				GCC_PREFIX_HEADER = "42CCApp/42CCApp-Prefix.pch";
				INFOPLIST_FILE = "42CCAppTests/42CCAppTests-Info.plist";
				PRODUCT_NAME = "$(TARGET_NAME)";
				TEST_HOST = "$(BUNDLE_LOADER)";
				WRAPPER_EXTENSION = octest;
			};
			name = Debug;
		};
		7EA8486F174DE461006FDB7B /* Release */ = {
			isa = XCBuildConfiguration;
			baseConfigurationReference = E6CC1F3801A5482084592D44 /* Pods.xcconfig */;
			buildSettings = {
				BUNDLE_LOADER = "$(BUILT_PRODUCTS_DIR)/42CCApp.app/42CCApp";
				FRAMEWORK_SEARCH_PATHS = (
					"\"$(SDKROOT)/Developer/Library/Frameworks\"",
					"\"$(DEVELOPER_LIBRARY_DIR)/Frameworks\"",
				);
				GCC_PRECOMPILE_PREFIX_HEADER = YES;
				GCC_PREFIX_HEADER = "42CCApp/42CCApp-Prefix.pch";
				INFOPLIST_FILE = "42CCAppTests/42CCAppTests-Info.plist";
				PRODUCT_NAME = "$(TARGET_NAME)";
				TEST_HOST = "$(BUNDLE_LOADER)";
				WRAPPER_EXTENSION = octest;
			};
			name = Release;
		};
/* End XCBuildConfiguration section */

/* Begin XCConfigurationList section */
		7EA84833174DE461006FDB7B /* Build configuration list for PBXProject "42CCApp" */ = {
			isa = XCConfigurationList;
			buildConfigurations = (
				7EA84868174DE461006FDB7B /* Debug */,
				7EA84869174DE461006FDB7B /* Release */,
			);
			defaultConfigurationIsVisible = 0;
			defaultConfigurationName = Release;
		};
		7EA8486A174DE461006FDB7B /* Build configuration list for PBXNativeTarget "42CCApp" */ = {
			isa = XCConfigurationList;
			buildConfigurations = (
				7EA8486B174DE461006FDB7B /* Debug */,
				7EA8486C174DE461006FDB7B /* Release */,
			);
			defaultConfigurationIsVisible = 0;
			defaultConfigurationName = Release;
		};
		7EA8486D174DE461006FDB7B /* Build configuration list for PBXNativeTarget "42CCAppTests" */ = {
			isa = XCConfigurationList;
			buildConfigurations = (
				7EA8486E174DE461006FDB7B /* Debug */,
				7EA8486F174DE461006FDB7B /* Release */,
			);
			defaultConfigurationIsVisible = 0;
			defaultConfigurationName = Release;
		};
/* End XCConfigurationList section */
	};
	rootObject = 7EA84830174DE461006FDB7B /* Project object */;
}
